
Microsoft Visual Studio Solution File, Format Version 12.00
# Visual Studio Version 16
VisualStudioVersion = 16.0.30002.166
MinimumVisualStudioVersion = 10.0.40219.1
Project("{9A19103F-16F7-4668-BE54-9A1E7A4F7556}") = "order.Api", "order\order.Api.csproj", "{09B1F9B0-253F-4895-83AE-3A25EAB70F61}"
EndProject
Project("{9A19103F-16F7-4668-BE54-9A1E7A4F7556}") = "order.infrastructure", "order.infrastructure\order.infrastructure.csproj", "{EB6D1E22-5B1A-493A-AF1C-2F02B732D92D}"
EndProject
Project("{9A19103F-16F7-4668-BE54-9A1E7A4F7556}") = "order.Application", "order.Application\order.Application.csproj", "{30FFD2BE-D0C3-4103-8E5C-F55692F5EF51}"
EndProject
Project("{9A19103F-16F7-4668-BE54-9A1E7A4F7556}") = "order.core", "order.core\order.core.csproj", "{2193397F-D71A-48A9-8C09-D5340DECDE06}"
EndProject
Project("{2150E333-8FDC-42A3-9474-1A3956D46DE8}") = "src", "src", "{07DF7E66-9CDE-4138-97C6-B25DE6CAEAF7}"
EndProject
Project("{2150E333-8FDC-42A3-9474-1A3956D46DE8}") = "Basket", "Basket", "{DF7D306B-04AD-409E-8CD8-1EF9A6D24D36}"
EndProject
Project("{9A19103F-16F7-4668-BE54-9A1E7A4F7556}") = "Basket.API", "src\Basket\Basket.API\Basket.API.csproj", "{CF87EF68-6F18-419A-B86E-748B9B976675}"
EndProject
Project("{2150E333-8FDC-42A3-9474-1A3956D46DE8}") = "Order", "Order", "{93B66A95-CF04-49EF-A5EA-157002154D4A}"
EndProject
Project("{2150E333-8FDC-42A3-9474-1A3956D46DE8}") = "Common", "Common", "{6F0F2997-D5EB-41DE-9C10-AE36F6C0BE82}"
EndProject
Project("{9A19103F-16F7-4668-BE54-9A1E7A4F7556}") = "EventBusRabbitMQ", "src\Common\EventBusRabbitMQ\EventBusRabbitMQ.csproj", "{F70B992C-00BC-487C-A4D1-954BAF5284DF}"
EndProject
Project("{E53339B2-1760-4266-BCC7-CA923CBCF16C}") = "docker-compose", "docker-compose.dcproj", "{9688E1B5-6D5E-43EC-81AD-745C1484A0E0}"
EndProject
Project("{2150E333-8FDC-42A3-9474-1A3956D46DE8}") = "ApiGetway", "ApiGetway", "{5139EB5A-F088-43D0-BE72-9FEEEC99D58A}"
EndProject
Project("{9A19103F-16F7-4668-BE54-9A1E7A4F7556}") = "OceletAPIGetway", "src\ApiGetway\OceletAPIGetway\OceletAPIGetway\OceletAPIGetway.csproj", "{38C13259-B379-4015-AE72-5DE4ABE62482}"
EndProject
Project("{2150E333-8FDC-42A3-9474-1A3956D46DE8}") = "Catalog", "Catalog", "{07B72AAE-15CE-46A9-8538-68BFB909EB01}"
EndProject
Project("{9A19103F-16F7-4668-BE54-9A1E7A4F7556}") = "Catalog.Api", "src\Catalog\Catalog.Api\Catalog.Api.csproj", "{F32DD34B-0429-43B6-90C3-C43DDE1A88A7}"
EndProject
Project("{2150E333-8FDC-42A3-9474-1A3956D46DE8}") = "WebApp", "WebApp", "{6FA513EB-AF93-45E9-AB01-C8B3CFC6B2BB}"
EndProject
Project("{9A19103F-16F7-4668-BE54-9A1E7A4F7556}") = "AspnetRunBasics", "src\WebApp\AspnetRunBasics\AspnetRunBasics.csproj", "{8114C65D-FE8C-4C26-A0F1-2EB66580D03F}"
EndProject
Global
	GlobalSection(SolutionConfigurationPlatforms) = preSolution
		Debug|Any CPU = Debug|Any CPU
		Release|Any CPU = Release|Any CPU
	EndGlobalSection
	GlobalSection(ProjectConfigurationPlatforms) = postSolution
		{09B1F9B0-253F-4895-83AE-3A25EAB70F61}.Debug|Any CPU.ActiveCfg = Debug|Any CPU
		{09B1F9B0-253F-4895-83AE-3A25EAB70F61}.Debug|Any CPU.Build.0 = Debug|Any CPU
		{09B1F9B0-253F-4895-83AE-3A25EAB70F61}.Release|Any CPU.ActiveCfg = Release|Any CPU
		{09B1F9B0-253F-4895-83AE-3A25EAB70F61}.Release|Any CPU.Build.0 = Release|Any CPU
		{EB6D1E22-5B1A-493A-AF1C-2F02B732D92D}.Debug|Any CPU.ActiveCfg = Debug|Any CPU
		{EB6D1E22-5B1A-493A-AF1C-2F02B732D92D}.Debug|Any CPU.Build.0 = Debug|Any CPU
		{EB6D1E22-5B1A-493A-AF1C-2F02B732D92D}.Release|Any CPU.ActiveCfg = Release|Any CPU
		{EB6D1E22-5B1A-493A-AF1C-2F02B732D92D}.Release|Any CPU.Build.0 = Release|Any CPU
		{30FFD2BE-D0C3-4103-8E5C-F55692F5EF51}.Debug|Any CPU.ActiveCfg = Debug|Any CPU
		{30FFD2BE-D0C3-4103-8E5C-F55692F5EF51}.Debug|Any CPU.Build.0 = Debug|Any CPU
		{30FFD2BE-D0C3-4103-8E5C-F55692F5EF51}.Release|Any CPU.ActiveCfg = Release|Any CPU
		{30FFD2BE-D0C3-4103-8E5C-F55692F5EF51}.Release|Any CPU.Build.0 = Release|Any CPU
		{2193397F-D71A-48A9-8C09-D5340DECDE06}.Debug|Any CPU.ActiveCfg = Debug|Any CPU
		{2193397F-D71A-48A9-8C09-D5340DECDE06}.Debug|Any CPU.Build.0 = Debug|Any CPU
		{2193397F-D71A-48A9-8C09-D5340DECDE06}.Release|Any CPU.ActiveCfg = Release|Any CPU
		{2193397F-D71A-48A9-8C09-D5340DECDE06}.Release|Any CPU.Build.0 = Release|Any CPU
		{CF87EF68-6F18-419A-B86E-748B9B976675}.Debug|Any CPU.ActiveCfg = Debug|Any CPU
		{CF87EF68-6F18-419A-B86E-748B9B976675}.Debug|Any CPU.Build.0 = Debug|Any CPU
		{CF87EF68-6F18-419A-B86E-748B9B976675}.Release|Any CPU.ActiveCfg = Release|Any CPU
		{CF87EF68-6F18-419A-B86E-748B9B976675}.Release|Any CPU.Build.0 = Release|Any CPU
		{F70B992C-00BC-487C-A4D1-954BAF5284DF}.Debug|Any CPU.ActiveCfg = Debug|Any CPU
		{F70B992C-00BC-487C-A4D1-954BAF5284DF}.Debug|Any CPU.Build.0 = Debug|Any CPU
		{F70B992C-00BC-487C-A4D1-954BAF5284DF}.Release|Any CPU.ActiveCfg = Release|Any CPU
		{F70B992C-00BC-487C-A4D1-954BAF5284DF}.Release|Any CPU.Build.0 = Release|Any CPU
		{9688E1B5-6D5E-43EC-81AD-745C1484A0E0}.Debug|Any CPU.ActiveCfg = Debug|Any CPU
		{9688E1B5-6D5E-43EC-81AD-745C1484A0E0}.Debug|Any CPU.Build.0 = Debug|Any CPU
		{9688E1B5-6D5E-43EC-81AD-745C1484A0E0}.Release|Any CPU.ActiveCfg = Release|Any CPU
		{9688E1B5-6D5E-43EC-81AD-745C1484A0E0}.Release|Any CPU.Build.0 = Release|Any CPU
		{38C13259-B379-4015-AE72-5DE4ABE62482}.Debug|Any CPU.ActiveCfg = Debug|Any CPU
		{38C13259-B379-4015-AE72-5DE4ABE62482}.Debug|Any CPU.Build.0 = Debug|Any CPU
		{38C13259-B379-4015-AE72-5DE4ABE62482}.Release|Any CPU.ActiveCfg = Release|Any CPU
		{38C13259-B379-4015-AE72-5DE4ABE62482}.Release|Any CPU.Build.0 = Release|Any CPU
		{F32DD34B-0429-43B6-90C3-C43DDE1A88A7}.Debug|Any CPU.ActiveCfg = Debug|Any CPU
		{F32DD34B-0429-43B6-90C3-C43DDE1A88A7}.Debug|Any CPU.Build.0 = Debug|Any CPU
		{F32DD34B-0429-43B6-90C3-C43DDE1A88A7}.Release|Any CPU.ActiveCfg = Release|Any CPU
		{F32DD34B-0429-43B6-90C3-C43DDE1A88A7}.Release|Any CPU.Build.0 = Release|Any CPU
		{8114C65D-FE8C-4C26-A0F1-2EB66580D03F}.Debug|Any CPU.ActiveCfg = Debug|Any CPU
		{8114C65D-FE8C-4C26-A0F1-2EB66580D03F}.Debug|Any CPU.Build.0 = Debug|Any CPU
		{8114C65D-FE8C-4C26-A0F1-2EB66580D03F}.Release|Any CPU.ActiveCfg = Release|Any CPU
		{8114C65D-FE8C-4C26-A0F1-2EB66580D03F}.Release|Any CPU.Build.0 = Release|Any CPU
	EndGlobalSection
	GlobalSection(SolutionProperties) = preSolution
		HideSolutionNode = FALSE
	EndGlobalSection
	GlobalSection(NestedProjects) = preSolution
		{09B1F9B0-253F-4895-83AE-3A25EAB70F61} = {93B66A95-CF04-49EF-A5EA-157002154D4A}
		{EB6D1E22-5B1A-493A-AF1C-2F02B732D92D} = {93B66A95-CF04-49EF-A5EA-157002154D4A}
		{30FFD2BE-D0C3-4103-8E5C-F55692F5EF51} = {93B66A95-CF04-49EF-A5EA-157002154D4A}
		{2193397F-D71A-48A9-8C09-D5340DECDE06} = {93B66A95-CF04-49EF-A5EA-157002154D4A}
		{DF7D306B-04AD-409E-8CD8-1EF9A6D24D36} = {07DF7E66-9CDE-4138-97C6-B25DE6CAEAF7}
		{CF87EF68-6F18-419A-B86E-748B9B976675} = {DF7D306B-04AD-409E-8CD8-1EF9A6D24D36}
		{93B66A95-CF04-49EF-A5EA-157002154D4A} = {07DF7E66-9CDE-4138-97C6-B25DE6CAEAF7}
		{6F0F2997-D5EB-41DE-9C10-AE36F6C0BE82} = {07DF7E66-9CDE-4138-97C6-B25DE6CAEAF7}
		{F70B992C-00BC-487C-A4D1-954BAF5284DF} = {6F0F2997-D5EB-41DE-9C10-AE36F6C0BE82}
		{5139EB5A-F088-43D0-BE72-9FEEEC99D58A} = {07DF7E66-9CDE-4138-97C6-B25DE6CAEAF7}
		{38C13259-B379-4015-AE72-5DE4ABE62482} = {5139EB5A-F088-43D0-BE72-9FEEEC99D58A}
		{07B72AAE-15CE-46A9-8538-68BFB909EB01} = {07DF7E66-9CDE-4138-97C6-B25DE6CAEAF7}
		{F32DD34B-0429-43B6-90C3-C43DDE1A88A7} = {07B72AAE-15CE-46A9-8538-68BFB909EB01}
		{6FA513EB-AF93-45E9-AB01-C8B3CFC6B2BB} = {07DF7E66-9CDE-4138-97C6-B25DE6CAEAF7}
		{8114C65D-FE8C-4C26-A0F1-2EB66580D03F} = {6FA513EB-AF93-45E9-AB01-C8B3CFC6B2BB}
	EndGlobalSection
	GlobalSection(ExtensibilityGlobals) = postSolution
		SolutionGuid = {536B500E-CC09-45A9-8D58-C8D25E414FFE}
	EndGlobalSection
EndGlobal
